// !$*UTF8*$!
{
	archiveVersion = 1;
	classes = {
	};
	objectVersion = 50;
	objects = {

/* Begin PBXBuildFile section */
		5B9542BD242AF8010072D933 /* AppDelegate.swift in Sources */ = {isa = PBXBuildFile; fileRef = 5B9542BC242AF8010072D933 /* AppDelegate.swift */; };
		5B9542BF242AF8010072D933 /* SceneDelegate.swift in Sources */ = {isa = PBXBuildFile; fileRef = 5B9542BE242AF8010072D933 /* SceneDelegate.swift */; };
		5B9542C1242AF8010072D933 /* ViewController.swift in Sources */ = {isa = PBXBuildFile; fileRef = 5B9542C0242AF8010072D933 /* ViewController.swift */; };
		5B9542C4242AF8010072D933 /* Main.storyboard in Resources */ = {isa = PBXBuildFile; fileRef = 5B9542C2242AF8010072D933 /* Main.storyboard */; };
		5B9542C6242AF8040072D933 /* Assets.xcassets in Resources */ = {isa = PBXBuildFile; fileRef = 5B9542C5242AF8040072D933 /* Assets.xcassets */; };
		5B9542C9242AF8040072D933 /* LaunchScreen.storyboard in Resources */ = {isa = PBXBuildFile; fileRef = 5B9542C7242AF8040072D933 /* LaunchScreen.storyboard */; };
		AEEB286E0D5A750E78445D10 /* Pods_Autonomy.framework in Frameworks */ = {isa = PBXBuildFile; fileRef = A0EA6BBCCFDCDA612204A87A /* Pods_Autonomy.framework */; };
/* End PBXBuildFile section */

/* Begin PBXFileReference section */
		5B9542B9242AF8010072D933 /* Autonomy.app */ = {isa = PBXFileReference; explicitFileType = wrapper.application; includeInIndex = 0; path = Autonomy.app; sourceTree = BUILT_PRODUCTS_DIR; };
		5B9542BC242AF8010072D933 /* AppDelegate.swift */ = {isa = PBXFileReference; lastKnownFileType = sourcecode.swift; path = AppDelegate.swift; sourceTree = "<group>"; };
		5B9542BE242AF8010072D933 /* SceneDelegate.swift */ = {isa = PBXFileReference; lastKnownFileType = sourcecode.swift; path = SceneDelegate.swift; sourceTree = "<group>"; };
		5B9542C0242AF8010072D933 /* ViewController.swift */ = {isa = PBXFileReference; lastKnownFileType = sourcecode.swift; path = ViewController.swift; sourceTree = "<group>"; };
		5B9542C3242AF8010072D933 /* Base */ = {isa = PBXFileReference; lastKnownFileType = file.storyboard; name = Base; path = Base.lproj/Main.storyboard; sourceTree = "<group>"; };
		5B9542C5242AF8040072D933 /* Assets.xcassets */ = {isa = PBXFileReference; lastKnownFileType = folder.assetcatalog; path = Assets.xcassets; sourceTree = "<group>"; };
		5B9542C8242AF8040072D933 /* Base */ = {isa = PBXFileReference; lastKnownFileType = file.storyboard; name = Base; path = Base.lproj/LaunchScreen.storyboard; sourceTree = "<group>"; };
		5B9542CA242AF8040072D933 /* Info.plist */ = {isa = PBXFileReference; lastKnownFileType = text.plist.xml; path = Info.plist; sourceTree = "<group>"; };
		845A15EDE2B54B01DC44BB28 /* Pods-Autonomy.release.xcconfig */ = {isa = PBXFileReference; includeInIndex = 1; lastKnownFileType = text.xcconfig; name = "Pods-Autonomy.release.xcconfig"; path = "Target Support Files/Pods-Autonomy/Pods-Autonomy.release.xcconfig"; sourceTree = "<group>"; };
		A0EA6BBCCFDCDA612204A87A /* Pods_Autonomy.framework */ = {isa = PBXFileReference; explicitFileType = wrapper.framework; includeInIndex = 0; path = Pods_Autonomy.framework; sourceTree = BUILT_PRODUCTS_DIR; };
		B13C25D60415405C0E648B0A /* Pods-Autonomy.debug.xcconfig */ = {isa = PBXFileReference; includeInIndex = 1; lastKnownFileType = text.xcconfig; name = "Pods-Autonomy.debug.xcconfig"; path = "Target Support Files/Pods-Autonomy/Pods-Autonomy.debug.xcconfig"; sourceTree = "<group>"; };
/* End PBXFileReference section */

/* Begin PBXFrameworksBuildPhase section */
		5B9542B6242AF8010072D933 /* Frameworks */ = {
			isa = PBXFrameworksBuildPhase;
			buildActionMask = 2147483647;
			files = (
				AEEB286E0D5A750E78445D10 /* Pods_Autonomy.framework in Frameworks */,
			);
			runOnlyForDeploymentPostprocessing = 0;
		};
/* End PBXFrameworksBuildPhase section */

/* Begin PBXGroup section */
		5B9542B0242AF8010072D933 = {
			isa = PBXGroup;
			children = (
				5B9542BB242AF8010072D933 /* Autonomy */,
				5B9542BA242AF8010072D933 /* Products */,
				722BEEB10D21C3DD9BBC092C /* Pods */,
				880D136B6C2301145AFB10A7 /* Frameworks */,
			);
			sourceTree = "<group>";
		};
		5B9542BA242AF8010072D933 /* Products */ = {
			isa = PBXGroup;
			children = (
				5B9542B9242AF8010072D933 /* Autonomy.app */,
			);
			name = Products;
			sourceTree = "<group>";
		};
		5B9542BB242AF8010072D933 /* Autonomy */ = {
			isa = PBXGroup;
			children = (
				5B9542D0242AF92A0072D933 /* Application */,
				5B9542D1242AF9380072D933 /* Modules */,
				5B9542D2242AF94F0072D933 /* Resources */,
			);
			path = Autonomy;
			sourceTree = "<group>";
		};
		5B9542D0242AF92A0072D933 /* Application */ = {
			isa = PBXGroup;
			children = (
				5B9542BC242AF8010072D933 /* AppDelegate.swift */,
				5B9542BE242AF8010072D933 /* SceneDelegate.swift */,
			);
			path = Application;
			sourceTree = "<group>";
		};
		5B9542D1242AF9380072D933 /* Modules */ = {
			isa = PBXGroup;
			children = (
				5B9542C0242AF8010072D933 /* ViewController.swift */,
			);
			path = Modules;
			sourceTree = "<group>";
		};
		5B9542D2242AF94F0072D933 /* Resources */ = {
			isa = PBXGroup;
			children = (
				5B9542D3242AF96B0072D933 /* InfoPlist */,
				5B9542C5242AF8040072D933 /* Assets.xcassets */,
				5B9542C2242AF8010072D933 /* Main.storyboard */,
				5B9542C7242AF8040072D933 /* LaunchScreen.storyboard */,
			);
			path = Resources;
			sourceTree = "<group>";
		};
		5B9542D3242AF96B0072D933 /* InfoPlist */ = {
			isa = PBXGroup;
			children = (
				5B9542CA242AF8040072D933 /* Info.plist */,
			);
			path = InfoPlist;
			sourceTree = "<group>";
		};
		722BEEB10D21C3DD9BBC092C /* Pods */ = {
			isa = PBXGroup;
			children = (
				B13C25D60415405C0E648B0A /* Pods-Autonomy.debug.xcconfig */,
				845A15EDE2B54B01DC44BB28 /* Pods-Autonomy.release.xcconfig */,
			);
			path = Pods;
			sourceTree = "<group>";
		};
		880D136B6C2301145AFB10A7 /* Frameworks */ = {
			isa = PBXGroup;
			children = (
				A0EA6BBCCFDCDA612204A87A /* Pods_Autonomy.framework */,
			);
			name = Frameworks;
			sourceTree = "<group>";
		};
/* End PBXGroup section */

/* Begin PBXNativeTarget section */
		5B9542B8242AF8010072D933 /* Autonomy */ = {
			isa = PBXNativeTarget;
			buildConfigurationList = 5B9542CD242AF8040072D933 /* Build configuration list for PBXNativeTarget "Autonomy" */;
			buildPhases = (
				01CD2184D526C2B387E5956C /* [CP] Check Pods Manifest.lock */,
				5B9542B5242AF8010072D933 /* Sources */,
				5B9542B6242AF8010072D933 /* Frameworks */,
				5B9542B7242AF8010072D933 /* Resources */,
			);
			buildRules = (
			);
			dependencies = (
			);
			name = Autonomy;
			productName = Autonomy;
			productReference = 5B9542B9242AF8010072D933 /* Autonomy.app */;
			productType = "com.apple.product-type.application";
		};
/* End PBXNativeTarget section */

/* Begin PBXProject section */
		5B9542B1242AF8010072D933 /* Project object */ = {
			isa = PBXProject;
			attributes = {
				LastSwiftUpdateCheck = 1130;
				LastUpgradeCheck = 1130;
				ORGANIZATIONNAME = "Bitmark Inc.";
				TargetAttributes = {
					5B9542B8242AF8010072D933 = {
						CreatedOnToolsVersion = 11.3.1;
					};
				};
			};
			buildConfigurationList = 5B9542B4242AF8010072D933 /* Build configuration list for PBXProject "Autonomy" */;
			compatibilityVersion = "Xcode 9.3";
			developmentRegion = en;
			hasScannedForEncodings = 0;
			knownRegions = (
				en,
				Base,
			);
			mainGroup = 5B9542B0242AF8010072D933;
			productRefGroup = 5B9542BA242AF8010072D933 /* Products */;
			projectDirPath = "";
			projectRoot = "";
			targets = (
				5B9542B8242AF8010072D933 /* Autonomy */,
			);
		};
/* End PBXProject section */

/* Begin PBXResourcesBuildPhase section */
		5B9542B7242AF8010072D933 /* Resources */ = {
			isa = PBXResourcesBuildPhase;
			buildActionMask = 2147483647;
			files = (
				5B9542C9242AF8040072D933 /* LaunchScreen.storyboard in Resources */,
				5B9542C6242AF8040072D933 /* Assets.xcassets in Resources */,
				5B9542C4242AF8010072D933 /* Main.storyboard in Resources */,
			);
			runOnlyForDeploymentPostprocessing = 0;
		};
/* End PBXResourcesBuildPhase section */

/* Begin PBXShellScriptBuildPhase section */
		01CD2184D526C2B387E5956C /* [CP] Check Pods Manifest.lock */ = {
			isa = PBXShellScriptBuildPhase;
			buildActionMask = 2147483647;
			files = (
			);
			inputFileListPaths = (
			);
			inputPaths = (
				"${PODS_PODFILE_DIR_PATH}/Podfile.lock",
				"${PODS_ROOT}/Manifest.lock",
			);
			name = "[CP] Check Pods Manifest.lock";
			outputFileListPaths = (
			);
			outputPaths = (
				"$(DERIVED_FILE_DIR)/Pods-Autonomy-checkManifestLockResult.txt",
			);
			runOnlyForDeploymentPostprocessing = 0;
			shellPath = /bin/sh;
			shellScript = "diff \"${PODS_PODFILE_DIR_PATH}/Podfile.lock\" \"${PODS_ROOT}/Manifest.lock\" > /dev/null\nif [ $? != 0 ] ; then\n    # print error to STDERR\n    echo \"error: The sandbox is not in sync with the Podfile.lock. Run 'pod install' or update your CocoaPods installation.\" >&2\n    exit 1\nfi\n# This output is used by Xcode 'outputs' to avoid re-running this script phase.\necho \"SUCCESS\" > \"${SCRIPT_OUTPUT_FILE_0}\"\n";
			showEnvVarsInLog = 0;
		};
/* End PBXShellScriptBuildPhase section */

/* Begin PBXSourcesBuildPhase section */
		5B9542B5242AF8010072D933 /* Sources */ = {
			isa = PBXSourcesBuildPhase;
			buildActionMask = 2147483647;
			files = (
				5B9542C1242AF8010072D933 /* ViewController.swift in Sources */,
				5B9542BD242AF8010072D933 /* AppDelegate.swift in Sources */,
				5B9542BF242AF8010072D933 /* SceneDelegate.swift in Sources */,
			);
			runOnlyForDeploymentPostprocessing = 0;
		};
/* End PBXSourcesBuildPhase section */

/* Begin PBXVariantGroup section */
		5B9542C2242AF8010072D933 /* Main.storyboard */ = {
			isa = PBXVariantGroup;
			children = (
				5B9542C3242AF8010072D933 /* Base */,
			);
			name = Main.storyboard;
			sourceTree = "<group>";
		};
		5B9542C7242AF8040072D933 /* LaunchScreen.storyboard */ = {
			isa = PBXVariantGroup;
			children = (
				5B9542C8242AF8040072D933 /* Base */,
			);
			name = LaunchScreen.storyboard;
			sourceTree = "<group>";
		};
/* End PBXVariantGroup section */

/* Begin XCBuildConfiguration section */
		5B9542CB242AF8040072D933 /* Debug */ = {
			isa = XCBuildConfiguration;
			buildSettings = {
				ALWAYS_SEARCH_USER_PATHS = NO;
				CLANG_ANALYZER_NONNULL = YES;
				CLANG_ANALYZER_NUMBER_OBJECT_CONVERSION = YES_AGGRESSIVE;
				CLANG_CXX_LANGUAGE_STANDARD = "gnu++14";
				CLANG_CXX_LIBRARY = "libc++";
				CLANG_ENABLE_MODULES = YES;
				CLANG_ENABLE_OBJC_ARC = YES;
				CLANG_ENABLE_OBJC_WEAK = YES;
				CLANG_WARN_BLOCK_CAPTURE_AUTORELEASING = YES;
				CLANG_WARN_BOOL_CONVERSION = YES;
				CLANG_WARN_COMMA = YES;
				CLANG_WARN_CONSTANT_CONVERSION = YES;
				CLANG_WARN_DEPRECATED_OBJC_IMPLEMENTATIONS = YES;
				CLANG_WARN_DIRECT_OBJC_ISA_USAGE = YES_ERROR;
				CLANG_WARN_DOCUMENTATION_COMMENTS = YES;
				CLANG_WARN_EMPTY_BODY = YES;
				CLANG_WARN_ENUM_CONVERSION = YES;
				CLANG_WARN_INFINITE_RECURSION = YES;
				CLANG_WARN_INT_CONVERSION = YES;
				CLANG_WARN_NON_LITERAL_NULL_CONVERSION = YES;
				CLANG_WARN_OBJC_IMPLICIT_RETAIN_SELF = YES;
				CLANG_WARN_OBJC_LITERAL_CONVERSION = YES;
				CLANG_WARN_OBJC_ROOT_CLASS = YES_ERROR;
				CLANG_WARN_RANGE_LOOP_ANALYSIS = YES;
				CLANG_WARN_STRICT_PROTOTYPES = YES;
				CLANG_WARN_SUSPICIOUS_MOVE = YES;
				CLANG_WARN_UNGUARDED_AVAILABILITY = YES_AGGRESSIVE;
				CLANG_WARN_UNREACHABLE_CODE = YES;
				CLANG_WARN__DUPLICATE_METHOD_MATCH = YES;
				COPY_PHASE_STRIP = NO;
				DEBUG_INFORMATION_FORMAT = dwarf;
				ENABLE_STRICT_OBJC_MSGSEND = YES;
				ENABLE_TESTABILITY = YES;
				GCC_C_LANGUAGE_STANDARD = gnu11;
				GCC_DYNAMIC_NO_PIC = NO;
				GCC_NO_COMMON_BLOCKS = YES;
				GCC_OPTIMIZATION_LEVEL = 0;
				GCC_PREPROCESSOR_DEFINITIONS = (
					"DEBUG=1",
					"$(inherited)",
				);
				GCC_WARN_64_TO_32_BIT_CONVERSION = YES;
				GCC_WARN_ABOUT_RETURN_TYPE = YES_ERROR;
				GCC_WARN_UNDECLARED_SELECTOR = YES;
				GCC_WARN_UNINITIALIZED_AUTOS = YES_AGGRESSIVE;
				GCC_WARN_UNUSED_FUNCTION = YES;
				GCC_WARN_UNUSED_VARIABLE = YES;
				IPHONEOS_DEPLOYMENT_TARGET = 12.0;
				MTL_ENABLE_DEBUG_INFO = INCLUDE_SOURCE;
				MTL_FAST_MATH = YES;
				ONLY_ACTIVE_ARCH = YES;
				SDKROOT = iphoneos;
				SWIFT_ACTIVE_COMPILATION_CONDITIONS = DEBUG;
				SWIFT_OPTIMIZATION_LEVEL = "-Onone";
			};
			name = Debug;
		};
		5B9542CC242AF8040072D933 /* Release */ = {
			isa = XCBuildConfiguration;
			buildSettings = {
				ALWAYS_SEARCH_USER_PATHS = NO;
				CLANG_ANALYZER_NONNULL = YES;
				CLANG_ANALYZER_NUMBER_OBJECT_CONVERSION = YES_AGGRESSIVE;
				CLANG_CXX_LANGUAGE_STANDARD = "gnu++14";
				CLANG_CXX_LIBRARY = "libc++";
				CLANG_ENABLE_MODULES = YES;
				CLANG_ENABLE_OBJC_ARC = YES;
				CLANG_ENABLE_OBJC_WEAK = YES;
				CLANG_WARN_BLOCK_CAPTURE_AUTORELEASING = YES;
				CLANG_WARN_BOOL_CONVERSION = YES;
				CLANG_WARN_COMMA = YES;
				CLANG_WARN_CONSTANT_CONVERSION = YES;
				CLANG_WARN_DEPRECATED_OBJC_IMPLEMENTATIONS = YES;
				CLANG_WARN_DIRECT_OBJC_ISA_USAGE = YES_ERROR;
				CLANG_WARN_DOCUMENTATION_COMMENTS = YES;
				CLANG_WARN_EMPTY_BODY = YES;
				CLANG_WARN_ENUM_CONVERSION = YES;
				CLANG_WARN_INFINITE_RECURSION = YES;
				CLANG_WARN_INT_CONVERSION = YES;
				CLANG_WARN_NON_LITERAL_NULL_CONVERSION = YES;
				CLANG_WARN_OBJC_IMPLICIT_RETAIN_SELF = YES;
				CLANG_WARN_OBJC_LITERAL_CONVERSION = YES;
				CLANG_WARN_OBJC_ROOT_CLASS = YES_ERROR;
				CLANG_WARN_RANGE_LOOP_ANALYSIS = YES;
				CLANG_WARN_STRICT_PROTOTYPES = YES;
				CLANG_WARN_SUSPICIOUS_MOVE = YES;
				CLANG_WARN_UNGUARDED_AVAILABILITY = YES_AGGRESSIVE;
				CLANG_WARN_UNREACHABLE_CODE = YES;
				CLANG_WARN__DUPLICATE_METHOD_MATCH = YES;
				COPY_PHASE_STRIP = NO;
				DEBUG_INFORMATION_FORMAT = "dwarf-with-dsym";
				ENABLE_NS_ASSERTIONS = NO;
				ENABLE_STRICT_OBJC_MSGSEND = YES;
				GCC_C_LANGUAGE_STANDARD = gnu11;
				GCC_NO_COMMON_BLOCKS = YES;
				GCC_WARN_64_TO_32_BIT_CONVERSION = YES;
				GCC_WARN_ABOUT_RETURN_TYPE = YES_ERROR;
				GCC_WARN_UNDECLARED_SELECTOR = YES;
				GCC_WARN_UNINITIALIZED_AUTOS = YES_AGGRESSIVE;
				GCC_WARN_UNUSED_FUNCTION = YES;
				GCC_WARN_UNUSED_VARIABLE = YES;
				IPHONEOS_DEPLOYMENT_TARGET = 12.0;
				MTL_ENABLE_DEBUG_INFO = NO;
				MTL_FAST_MATH = YES;
				SDKROOT = iphoneos;
				SWIFT_COMPILATION_MODE = wholemodule;
				SWIFT_OPTIMIZATION_LEVEL = "-O";
				VALIDATE_PRODUCT = YES;
			};
			name = Release;
		};
		5B9542CE242AF8040072D933 /* Debug */ = {
			isa = XCBuildConfiguration;
			baseConfigurationReference = B13C25D60415405C0E648B0A /* Pods-Autonomy.debug.xcconfig */;
			buildSettings = {
				ASSETCATALOG_COMPILER_APPICON_NAME = AppIcon;
				CODE_SIGN_STYLE = Automatic;
				DEVELOPMENT_TEAM = Z5CE7A3A7N;
				INFOPLIST_FILE = "$(SRCROOT)/Autonomy/Resources/InfoPlist/Info.plist";
				LD_RUNPATH_SEARCH_PATHS = (
					"$(inherited)",
					"@executable_path/Frameworks",
				);
				PRODUCT_BUNDLE_IDENTIFIER = com.bitmark.autonomy.Autonomy;
				PRODUCT_NAME = "$(TARGET_NAME)";
				SWIFT_VERSION = 5.0;
				TARGETED_DEVICE_FAMILY = 1;
			};
			name = Debug;
		};
		5B9542CF242AF8040072D933 /* Release */ = {
			isa = XCBuildConfiguration;
			baseConfigurationReference = 845A15EDE2B54B01DC44BB28 /* Pods-Autonomy.release.xcconfig */;
			buildSettings = {
				ASSETCATALOG_COMPILER_APPICON_NAME = AppIcon;
				CODE_SIGN_STYLE = Automatic;
				DEVELOPMENT_TEAM = Z5CE7A3A7N;
				INFOPLIST_FILE = "$(SRCROOT)/Autonomy/Resources/InfoPlist/Info.plist";
				LD_RUNPATH_SEARCH_PATHS = (
					"$(inherited)",
					"@executable_path/Frameworks",
				);
				PRODUCT_BUNDLE_IDENTIFIER = com.bitmark.autonomy.Autonomy;
				PRODUCT_NAME = "$(TARGET_NAME)";
				SWIFT_VERSION = 5.0;
				TARGETED_DEVICE_FAMILY = 1;
			};
			name = Release;
		};
/* End XCBuildConfiguration section */

/* Begin XCConfigurationList section */
		5B9542B4242AF8010072D933 /* Build configuration list for PBXProject "Autonomy" */ = {
			isa = XCConfigurationList;
			buildConfigurations = (
				5B9542CB242AF8040072D933 /* Debug */,
				5B9542CC242AF8040072D933 /* Release */,
			);
			defaultConfigurationIsVisible = 0;
			defaultConfigurationName = Release;
		};
		5B9542CD242AF8040072D933 /* Build configuration list for PBXNativeTarget "Autonomy" */ = {
			isa = XCConfigurationList;
			buildConfigurations = (
				5B9542CE242AF8040072D933 /* Debug */,
				5B9542CF242AF8040072D933 /* Release */,
			);
			defaultConfigurationIsVisible = 0;
			defaultConfigurationName = Release;
		};
/* End XCConfigurationList section */
	};
	rootObject = 5B9542B1242AF8010072D933 /* Project object */;
}
